
Microsoft Visual Studio Solution File, Format Version 12.00
# Visual Studio Version 16
VisualStudioVersion = 16.0.31019.35
MinimumVisualStudioVersion = 10.0.40219.1
Project("{888888A0-9F3D-457C-B088-3A5042F75D52}") = "Третья Лаба ПО", "Третья Лаба ПО.pyproj", "{A1DA5AE1-84EA-45F9-B1E7-952A46840D09}"
EndProject
Global
	GlobalSection(SolutionConfigurationPlatforms) = preSolution
		Debug|Any CPU = Debug|Any CPU
		Release|Any CPU = Release|Any CPU
	EndGlobalSection
	GlobalSection(ProjectConfigurationPlatforms) = postSolution
		{A1DA5AE1-84EA-45F9-B1E7-952A46840D09}.Debug|Any CPU.ActiveCfg = Debug|Any CPU
		{A1DA5AE1-84EA-45F9-B1E7-952A46840D09}.Release|Any CPU.ActiveCfg = Release|Any CPU
	EndGlobalSection
	GlobalSection(SolutionProperties) = preSolution
		HideSolutionNode = FALSE
	EndGlobalSection
	GlobalSection(ExtensibilityGlobals) = postSolution
		SolutionGuid = {2B282711-5529-42D9-B23B-4E0E8233875C}
	EndGlobalSection
EndGlobal
